
Microsoft Visual Studio Solution File, Format Version 12.00
Project("{2150E333-8FDC-42A3-9474-1A3956D46DE8}") = "src", "src", "{AA477FCE-236B-4B09-91F8-48D89401721C}"
EndProject
Project("{2150E333-8FDC-42A3-9474-1A3956D46DE8}") = "Presentation", "Presentation", "{6C885439-4C48-432E-ABD1-AE8197EA27C0}"
EndProject
Project("{2150E333-8FDC-42A3-9474-1A3956D46DE8}") = "Application", "Application", "{CAF2ED06-323D-4F75-BE50-A923BEA7E8A5}"
EndProject
Project("{2150E333-8FDC-42A3-9474-1A3956D46DE8}") = "Infrastructure", "Infrastructure", "{33029BA9-E5ED-4B29-A1ED-96C4E168A1B3}"
EndProject
Project("{FAE04EC0-301F-11D3-BF4B-00C04F79EFBC}") = "Itmo.Dev.Asap.Google.Application", "src\Application\Itmo.Dev.Asap.Google.Application\Itmo.Dev.Asap.Google.Application.csproj", "{685F3641-6C03-4A30-9359-51B1A816D49E}"
EndProject
Project("{FAE04EC0-301F-11D3-BF4B-00C04F79EFBC}") = "Itmo.Dev.Asap.Google.Application.Abstractions", "src\Application\Itmo.Dev.Asap.Google.Application.Abstractions\Itmo.Dev.Asap.Google.Application.Abstractions.csproj", "{FD8DC15F-3553-49D2-94C2-5399B7AEF0BE}"
EndProject
Project("{FAE04EC0-301F-11D3-BF4B-00C04F79EFBC}") = "Itmo.Dev.Asap.Google.Application.Contracts", "src\Application\Itmo.Dev.Asap.Google.Application.Contracts\Itmo.Dev.Asap.Google.Application.Contracts.csproj", "{0E37C583-8D83-4B43-BCF8-EBFE2E972A67}"
EndProject
Project("{FAE04EC0-301F-11D3-BF4B-00C04F79EFBC}") = "Itmo.Dev.Asap.Google.Common", "src\Itmo.Dev.Asap.Google.Common\Itmo.Dev.Asap.Google.Common.csproj", "{F02591E8-A43D-432A-B7D4-CE47B1905738}"
EndProject
Project("{FAE04EC0-301F-11D3-BF4B-00C04F79EFBC}") = "Itmo.Dev.Asap.Google.DataAccess", "src\Infrastructure\Itmo.Dev.Asap.Google.DataAccess\Itmo.Dev.Asap.Google.DataAccess.csproj", "{F4A3054F-3B40-4A23-8DC8-227F1A2BFDDD}"
EndProject
Project("{FAE04EC0-301F-11D3-BF4B-00C04F79EFBC}") = "Itmo.Dev.Asap.Google.Spreadsheets", "src\Infrastructure\Itmo.Dev.Asap.Google.Spreadsheets\Itmo.Dev.Asap.Google.Spreadsheets.csproj", "{DE9D4E7B-443D-4298-88B5-19620BA060A2}"
EndProject
Project("{FAE04EC0-301F-11D3-BF4B-00C04F79EFBC}") = "Itmo.Dev.Asap.Google.Presentation.Grpc", "src\Presentation\Itmo.Dev.Asap.Google.Presentation.Grpc\Itmo.Dev.Asap.Google.Presentation.Grpc.csproj", "{8A836160-DB76-41F9-A35B-7C32B1E16FCE}"
EndProject
Project("{2150E333-8FDC-42A3-9474-1A3956D46DE8}") = "common", "common", "{A8A73DBC-4726-4B5C-A840-F7B3A6937F36}"
	ProjectSection(SolutionItems) = preProject
		Directory.Packages.props = Directory.Packages.props
		Directory.Build.props = Directory.Build.props
		.editorconfig = .editorconfig
		nuget.config = nuget.config
		.gitignore = .gitignore
	EndProjectSection
EndProject
Project("{FAE04EC0-301F-11D3-BF4B-00C04F79EFBC}") = "Itmo.Dev.Asap.Google", "src\Itmo.Dev.Asap.Google\Itmo.Dev.Asap.Google.csproj", "{74769159-1EBA-4DDB-9EB8-0649D6A45908}"
EndProject
Project("{2150E333-8FDC-42A3-9474-1A3956D46DE8}") = "docker", "docker", "{F8B377A6-65CB-418E-9A04-617238ACE29C}"
	ProjectSection(SolutionItems) = preProject
		docker\docker-compose.yaml = docker\docker-compose.yaml
		docker\.env = docker\.env
	EndProjectSection
EndProject
Project("{FAE04EC0-301F-11D3-BF4B-00C04F79EFBC}") = "Itmo.Dev.Asap.Google.Presentation.Kafka", "src\Presentation\Itmo.Dev.Asap.Google.Presentation.Kafka\Itmo.Dev.Asap.Google.Presentation.Kafka.csproj", "{EFF6EDD9-24D2-4E5E-834A-911583646FC7}"
EndProject
Project("{FAE04EC0-301F-11D3-BF4B-00C04F79EFBC}") = "Itmo.Dev.Asap.Google.Integrations.Github", "src\Infrastructure\Itmo.Dev.Asap.Google.Integrations.Github\Itmo.Dev.Asap.Google.Integrations.Github.csproj", "{81D90E08-7CB4-4DFD-95C2-77BAEF7A9AF5}"
EndProject
Project("{FAE04EC0-301F-11D3-BF4B-00C04F79EFBC}") = "Itmo.Dev.Asap.Google.Caching", "src\Infrastructure\Itmo.Dev.Asap.Google.Caching\Itmo.Dev.Asap.Google.Caching.csproj", "{8FAAF1F8-C891-46CB-AE54-B79070E9A5AE}"
EndProject
Project("{FAE04EC0-301F-11D3-BF4B-00C04F79EFBC}") = "Itmo.Dev.Asap.Google.Application.Models", "src\Application\Itmo.Dev.Asap.Google.Application.Models\Itmo.Dev.Asap.Google.Application.Models.csproj", "{E61A942F-D040-4E28-8CCA-07C06A2A4676}"
EndProject
Project("{2150E333-8FDC-42A3-9474-1A3956D46DE8}") = "tests", "tests", "{95DD4F25-63F1-48E7-914B-4806FE3923D1}"
EndProject
Project("{FAE04EC0-301F-11D3-BF4B-00C04F79EFBC}") = "Itmo.Dev.Asap.Google.Application.Tests", "tests\Itmo.Dev.Asap.Google.Application.Tests\Itmo.Dev.Asap.Google.Application.Tests.csproj", "{352D6873-B410-45F5-A805-E767D7ACB084}"
EndProject
Project("{2150E333-8FDC-42A3-9474-1A3956D46DE8}") = "workflows", "workflows", "{F994F5BA-C2AC-4BA6-87FC-30FBC822D62C}"
	ProjectSection(SolutionItems) = preProject
		.github\workflows\deploy.yml = .github\workflows\deploy.yml
		.github\workflows\purge-allure-history.yml = .github\workflows\purge-allure-history.yml
		.github\workflows\dotnet-build.yml = .github\workflows\dotnet-build.yml
	EndProjectSection
EndProject
Global
	GlobalSection(SolutionConfigurationPlatforms) = preSolution
		Debug|Any CPU = Debug|Any CPU
		Release|Any CPU = Release|Any CPU
	EndGlobalSection
	GlobalSection(NestedProjects) = preSolution
		{6C885439-4C48-432E-ABD1-AE8197EA27C0} = {AA477FCE-236B-4B09-91F8-48D89401721C}
		{CAF2ED06-323D-4F75-BE50-A923BEA7E8A5} = {AA477FCE-236B-4B09-91F8-48D89401721C}
		{33029BA9-E5ED-4B29-A1ED-96C4E168A1B3} = {AA477FCE-236B-4B09-91F8-48D89401721C}
		{685F3641-6C03-4A30-9359-51B1A816D49E} = {CAF2ED06-323D-4F75-BE50-A923BEA7E8A5}
		{0E37C583-8D83-4B43-BCF8-EBFE2E972A67} = {CAF2ED06-323D-4F75-BE50-A923BEA7E8A5}
		{F02591E8-A43D-432A-B7D4-CE47B1905738} = {AA477FCE-236B-4B09-91F8-48D89401721C}
		{F4A3054F-3B40-4A23-8DC8-227F1A2BFDDD} = {33029BA9-E5ED-4B29-A1ED-96C4E168A1B3}
		{DE9D4E7B-443D-4298-88B5-19620BA060A2} = {33029BA9-E5ED-4B29-A1ED-96C4E168A1B3}
		{8A836160-DB76-41F9-A35B-7C32B1E16FCE} = {6C885439-4C48-432E-ABD1-AE8197EA27C0}
		{74769159-1EBA-4DDB-9EB8-0649D6A45908} = {AA477FCE-236B-4B09-91F8-48D89401721C}
		{F8B377A6-65CB-418E-9A04-617238ACE29C} = {A8A73DBC-4726-4B5C-A840-F7B3A6937F36}
		{EFF6EDD9-24D2-4E5E-834A-911583646FC7} = {6C885439-4C48-432E-ABD1-AE8197EA27C0}
		{81D90E08-7CB4-4DFD-95C2-77BAEF7A9AF5} = {33029BA9-E5ED-4B29-A1ED-96C4E168A1B3}
		{8FAAF1F8-C891-46CB-AE54-B79070E9A5AE} = {33029BA9-E5ED-4B29-A1ED-96C4E168A1B3}
		{FD8DC15F-3553-49D2-94C2-5399B7AEF0BE} = {CAF2ED06-323D-4F75-BE50-A923BEA7E8A5}
		{E61A942F-D040-4E28-8CCA-07C06A2A4676} = {CAF2ED06-323D-4F75-BE50-A923BEA7E8A5}
		{352D6873-B410-45F5-A805-E767D7ACB084} = {95DD4F25-63F1-48E7-914B-4806FE3923D1}
		{F994F5BA-C2AC-4BA6-87FC-30FBC822D62C} = {A8A73DBC-4726-4B5C-A840-F7B3A6937F36}
	EndGlobalSection
	GlobalSection(ProjectConfigurationPlatforms) = postSolution
		{685F3641-6C03-4A30-9359-51B1A816D49E}.Debug|Any CPU.ActiveCfg = Debug|Any CPU
		{685F3641-6C03-4A30-9359-51B1A816D49E}.Debug|Any CPU.Build.0 = Debug|Any CPU
		{685F3641-6C03-4A30-9359-51B1A816D49E}.Release|Any CPU.ActiveCfg = Release|Any CPU
		{685F3641-6C03-4A30-9359-51B1A816D49E}.Release|Any CPU.Build.0 = Release|Any CPU
		{FD8DC15F-3553-49D2-94C2-5399B7AEF0BE}.Debug|Any CPU.ActiveCfg = Debug|Any CPU
		{FD8DC15F-3553-49D2-94C2-5399B7AEF0BE}.Debug|Any CPU.Build.0 = Debug|Any CPU
		{FD8DC15F-3553-49D2-94C2-5399B7AEF0BE}.Release|Any CPU.ActiveCfg = Release|Any CPU
		{FD8DC15F-3553-49D2-94C2-5399B7AEF0BE}.Release|Any CPU.Build.0 = Release|Any CPU
		{0E37C583-8D83-4B43-BCF8-EBFE2E972A67}.Debug|Any CPU.ActiveCfg = Debug|Any CPU
		{0E37C583-8D83-4B43-BCF8-EBFE2E972A67}.Debug|Any CPU.Build.0 = Debug|Any CPU
		{0E37C583-8D83-4B43-BCF8-EBFE2E972A67}.Release|Any CPU.ActiveCfg = Release|Any CPU
		{0E37C583-8D83-4B43-BCF8-EBFE2E972A67}.Release|Any CPU.Build.0 = Release|Any CPU
		{F02591E8-A43D-432A-B7D4-CE47B1905738}.Debug|Any CPU.ActiveCfg = Debug|Any CPU
		{F02591E8-A43D-432A-B7D4-CE47B1905738}.Debug|Any CPU.Build.0 = Debug|Any CPU
		{F02591E8-A43D-432A-B7D4-CE47B1905738}.Release|Any CPU.ActiveCfg = Release|Any CPU
		{F02591E8-A43D-432A-B7D4-CE47B1905738}.Release|Any CPU.Build.0 = Release|Any CPU
		{F4A3054F-3B40-4A23-8DC8-227F1A2BFDDD}.Debug|Any CPU.ActiveCfg = Debug|Any CPU
		{F4A3054F-3B40-4A23-8DC8-227F1A2BFDDD}.Debug|Any CPU.Build.0 = Debug|Any CPU
		{F4A3054F-3B40-4A23-8DC8-227F1A2BFDDD}.Release|Any CPU.ActiveCfg = Release|Any CPU
		{F4A3054F-3B40-4A23-8DC8-227F1A2BFDDD}.Release|Any CPU.Build.0 = Release|Any CPU
		{DE9D4E7B-443D-4298-88B5-19620BA060A2}.Debug|Any CPU.ActiveCfg = Debug|Any CPU
		{DE9D4E7B-443D-4298-88B5-19620BA060A2}.Debug|Any CPU.Build.0 = Debug|Any CPU
		{DE9D4E7B-443D-4298-88B5-19620BA060A2}.Release|Any CPU.ActiveCfg = Release|Any CPU
		{DE9D4E7B-443D-4298-88B5-19620BA060A2}.Release|Any CPU.Build.0 = Release|Any CPU
		{8A836160-DB76-41F9-A35B-7C32B1E16FCE}.Debug|Any CPU.ActiveCfg = Debug|Any CPU
		{8A836160-DB76-41F9-A35B-7C32B1E16FCE}.Debug|Any CPU.Build.0 = Debug|Any CPU
		{8A836160-DB76-41F9-A35B-7C32B1E16FCE}.Release|Any CPU.ActiveCfg = Release|Any CPU
		{8A836160-DB76-41F9-A35B-7C32B1E16FCE}.Release|Any CPU.Build.0 = Release|Any CPU
		{74769159-1EBA-4DDB-9EB8-0649D6A45908}.Debug|Any CPU.ActiveCfg = Debug|Any CPU
		{74769159-1EBA-4DDB-9EB8-0649D6A45908}.Debug|Any CPU.Build.0 = Debug|Any CPU
		{74769159-1EBA-4DDB-9EB8-0649D6A45908}.Release|Any CPU.ActiveCfg = Release|Any CPU
		{74769159-1EBA-4DDB-9EB8-0649D6A45908}.Release|Any CPU.Build.0 = Release|Any CPU
		{EFF6EDD9-24D2-4E5E-834A-911583646FC7}.Debug|Any CPU.ActiveCfg = Debug|Any CPU
		{EFF6EDD9-24D2-4E5E-834A-911583646FC7}.Debug|Any CPU.Build.0 = Debug|Any CPU
		{EFF6EDD9-24D2-4E5E-834A-911583646FC7}.Release|Any CPU.ActiveCfg = Release|Any CPU
		{EFF6EDD9-24D2-4E5E-834A-911583646FC7}.Release|Any CPU.Build.0 = Release|Any CPU
		{81D90E08-7CB4-4DFD-95C2-77BAEF7A9AF5}.Debug|Any CPU.ActiveCfg = Debug|Any CPU
		{81D90E08-7CB4-4DFD-95C2-77BAEF7A9AF5}.Debug|Any CPU.Build.0 = Debug|Any CPU
		{81D90E08-7CB4-4DFD-95C2-77BAEF7A9AF5}.Release|Any CPU.ActiveCfg = Release|Any CPU
		{81D90E08-7CB4-4DFD-95C2-77BAEF7A9AF5}.Release|Any CPU.Build.0 = Release|Any CPU
		{8FAAF1F8-C891-46CB-AE54-B79070E9A5AE}.Debug|Any CPU.ActiveCfg = Debug|Any CPU
		{8FAAF1F8-C891-46CB-AE54-B79070E9A5AE}.Debug|Any CPU.Build.0 = Debug|Any CPU
		{8FAAF1F8-C891-46CB-AE54-B79070E9A5AE}.Release|Any CPU.ActiveCfg = Release|Any CPU
		{8FAAF1F8-C891-46CB-AE54-B79070E9A5AE}.Release|Any CPU.Build.0 = Release|Any CPU
		{E61A942F-D040-4E28-8CCA-07C06A2A4676}.Debug|Any CPU.ActiveCfg = Debug|Any CPU
		{E61A942F-D040-4E28-8CCA-07C06A2A4676}.Debug|Any CPU.Build.0 = Debug|Any CPU
		{E61A942F-D040-4E28-8CCA-07C06A2A4676}.Release|Any CPU.ActiveCfg = Release|Any CPU
		{E61A942F-D040-4E28-8CCA-07C06A2A4676}.Release|Any CPU.Build.0 = Release|Any CPU
		{352D6873-B410-45F5-A805-E767D7ACB084}.Debug|Any CPU.ActiveCfg = Debug|Any CPU
		{352D6873-B410-45F5-A805-E767D7ACB084}.Debug|Any CPU.Build.0 = Debug|Any CPU
		{352D6873-B410-45F5-A805-E767D7ACB084}.Release|Any CPU.ActiveCfg = Release|Any CPU
		{352D6873-B410-45F5-A805-E767D7ACB084}.Release|Any CPU.Build.0 = Release|Any CPU
	EndGlobalSection
EndGlobal
